
Microsoft Visual Studio Solution File, Format Version 12.00
# Visual Studio 15
VisualStudioVersion = 15.0.27004.2005
MinimumVisualStudioVersion = 10.0.40219.1
Project("{FAE04EC0-301F-11D3-BF4B-00C04F79EFBC}") = "Clinica", "Clinica\Clinica.csproj", "{346DD297-D23D-4724-B8BE-76D192546101}"
EndProject
Global
	GlobalSection(SolutionConfigurationPlatforms) = preSolution
		Debug|Any CPU = Debug|Any CPU
		Release|Any CPU = Release|Any CPU
	EndGlobalSection
	GlobalSection(ProjectConfigurationPlatforms) = postSolution
		{346DD297-D23D-4724-B8BE-76D192546101}.Debug|Any CPU.ActiveCfg = Debug|Any CPU
		{346DD297-D23D-4724-B8BE-76D192546101}.Debug|Any CPU.Build.0 = Debug|Any CPU
		{346DD297-D23D-4724-B8BE-76D192546101}.Release|Any CPU.ActiveCfg = Release|Any CPU
		{346DD297-D23D-4724-B8BE-76D192546101}.Release|Any CPU.Build.0 = Release|Any CPU
	EndGlobalSection
	GlobalSection(SolutionProperties) = preSolution
		HideSolutionNode = FALSE
	EndGlobalSection
	GlobalSection(ExtensibilityGlobals) = postSolution
		SolutionGuid = {62F27C44-235E-48F9-8CA9-B51055F8D5F3}
	EndGlobalSection
EndGlobal
